
Microsoft Visual Studio Solution File, Format Version 12.00
# Visual Studio Version 17
VisualStudioVersion = 17.9.34701.34
MinimumVisualStudioVersion = 10.0.40219.1
Project("{8BC9CEB8-8B4A-11D0-8D11-00A0C91BC942}") = "StrukturyDanychProjekt1", "StrukturyDanychProjekt1\StrukturyDanychProjekt1.vcxproj", "{DB5493A2-BF47-46FF-BEBB-012C252CCF46}"
EndProject
Global
	GlobalSection(SolutionConfigurationPlatforms) = preSolution
		Debug|x64 = Debug|x64
		Debug|x86 = Debug|x86
		Release|x64 = Release|x64
		Release|x86 = Release|x86
	EndGlobalSection
	GlobalSection(ProjectConfigurationPlatforms) = postSolution
		{DB5493A2-BF47-46FF-BEBB-012C252CCF46}.Debug|x64.ActiveCfg = Debug|x64
		{DB5493A2-BF47-46FF-BEBB-012C252CCF46}.Debug|x64.Build.0 = Debug|x64
		{DB5493A2-BF47-46FF-BEBB-012C252CCF46}.Debug|x86.ActiveCfg = Debug|Win32
		{DB5493A2-BF47-46FF-BEBB-012C252CCF46}.Debug|x86.Build.0 = Debug|Win32
		{DB5493A2-BF47-46FF-BEBB-012C252CCF46}.Release|x64.ActiveCfg = Release|x64
		{DB5493A2-BF47-46FF-BEBB-012C252CCF46}.Release|x64.Build.0 = Release|x64
		{DB5493A2-BF47-46FF-BEBB-012C252CCF46}.Release|x86.ActiveCfg = Release|Win32
		{DB5493A2-BF47-46FF-BEBB-012C252CCF46}.Release|x86.Build.0 = Release|Win32
	EndGlobalSection
	GlobalSection(SolutionProperties) = preSolution
		HideSolutionNode = FALSE
	EndGlobalSection
	GlobalSection(ExtensibilityGlobals) = postSolution
		SolutionGuid = {F24897F4-EE28-46CE-8BF9-DEEB6A38B475}
	EndGlobalSection
EndGlobal
